
Microsoft Visual Studio Solution File, Format Version 12.00
# Visual Studio Version 16
VisualStudioVersion = 16.0.30204.135
MinimumVisualStudioVersion = 10.0.40219.1
Project("{FAE04EC0-301F-11D3-BF4B-00C04F79EFBC}") = "GoalAppV2", "GoalAppV2\GoalAppV2.csproj", "{D86D6656-437A-4CD6-BF8F-D3B0795A4645}"
EndProject
Global
	GlobalSection(SolutionConfigurationPlatforms) = preSolution
		Debug|Any CPU = Debug|Any CPU
		Release|Any CPU = Release|Any CPU
	EndGlobalSection
	GlobalSection(ProjectConfigurationPlatforms) = postSolution
		{D86D6656-437A-4CD6-BF8F-D3B0795A4645}.Debug|Any CPU.ActiveCfg = Debug|Any CPU
		{D86D6656-437A-4CD6-BF8F-D3B0795A4645}.Debug|Any CPU.Build.0 = Debug|Any CPU
		{D86D6656-437A-4CD6-BF8F-D3B0795A4645}.Release|Any CPU.ActiveCfg = Release|Any CPU
		{D86D6656-437A-4CD6-BF8F-D3B0795A4645}.Release|Any CPU.Build.0 = Release|Any CPU
	EndGlobalSection
	GlobalSection(SolutionProperties) = preSolution
		HideSolutionNode = FALSE
	EndGlobalSection
	GlobalSection(ExtensibilityGlobals) = postSolution
		SolutionGuid = {3C9D6811-7022-494A-A869-CAB6626AF7A0}
	EndGlobalSection
EndGlobal
